{
  "name": "ShortAllAroundNews",
  "version": "1.0.0",
  "lockfileVersion": 1,
  "requires": true,
  "dependencies": {
    "netlify-lambda": {
      "version": "1.4.3",
      "resolved": "https://registry.npmjs.org/netlify-lambda/-/netlify-lambda-1.4.3.tgz",
      "integrity": "sha512-mxZiSeuAW0K9s41RFr1Fw2ZmX/786pUOx0AJbyEpKamtl+CyviRohj8id+fZEkAZqwCd+HkVxYqCcCjShNBsZQ==",
      "dev": true
    },
    "node-fetch": "^2.6.1",
    "form-data": "^4.0.0"
  }
}